
Microsoft Visual Studio Solution File, Format Version 12.00
# Visual Studio Version 16
VisualStudioVersion = 16.0.30804.86
MinimumVisualStudioVersion = 10.0.40219.1
Project("{9A19103F-16F7-4668-BE54-9A1E7A4F7556}") = "ProfitDistribution.Api", "src\ProfitDistribution.Api\ProfitDistribution.Api.csproj", "{DF56F52D-039B-4D8D-BD64-B4EE9E488701}"
EndProject
Project("{9A19103F-16F7-4668-BE54-9A1E7A4F7556}") = "ProfitDistribution.Tests", "test\ProfitDistribution.Tests\ProfitDistribution.Tests.csproj", "{E38B5CDB-A811-4A9F-8646-79CE1375A95B}"
EndProject
Project("{9A19103F-16F7-4668-BE54-9A1E7A4F7556}") = "ProfitDistribution.Domain", "src\ProfitDistribution.Domain\ProfitDistribution.Domain.csproj", "{754ED940-D7D7-4F6A-9B28-B279B0AF4D31}"
EndProject
Project("{9A19103F-16F7-4668-BE54-9A1E7A4F7556}") = "ProfitDistribution.Services", "src\ProfitDistribution.Services\ProfitDistribution.Services.csproj", "{6F0A9800-28D8-41BD-AA19-79D089ECE5D2}"
EndProject
Project("{2150E333-8FDC-42A3-9474-1A3956D46DE8}") = "src", "src", "{354D4DD9-B151-4133-9499-748602184847}"
EndProject
Project("{2150E333-8FDC-42A3-9474-1A3956D46DE8}") = "test", "test", "{F8C0735A-ECCE-4290-97F4-2800E8FB0DF6}"
EndProject
Global
	GlobalSection(SolutionConfigurationPlatforms) = preSolution
		Debug|Any CPU = Debug|Any CPU
		Release|Any CPU = Release|Any CPU
	EndGlobalSection
	GlobalSection(ProjectConfigurationPlatforms) = postSolution
		{DF56F52D-039B-4D8D-BD64-B4EE9E488701}.Debug|Any CPU.ActiveCfg = Debug|Any CPU
		{DF56F52D-039B-4D8D-BD64-B4EE9E488701}.Debug|Any CPU.Build.0 = Debug|Any CPU
		{DF56F52D-039B-4D8D-BD64-B4EE9E488701}.Release|Any CPU.ActiveCfg = Release|Any CPU
		{DF56F52D-039B-4D8D-BD64-B4EE9E488701}.Release|Any CPU.Build.0 = Release|Any CPU
		{E38B5CDB-A811-4A9F-8646-79CE1375A95B}.Debug|Any CPU.ActiveCfg = Debug|Any CPU
		{E38B5CDB-A811-4A9F-8646-79CE1375A95B}.Debug|Any CPU.Build.0 = Debug|Any CPU
		{E38B5CDB-A811-4A9F-8646-79CE1375A95B}.Release|Any CPU.ActiveCfg = Release|Any CPU
		{E38B5CDB-A811-4A9F-8646-79CE1375A95B}.Release|Any CPU.Build.0 = Release|Any CPU
		{754ED940-D7D7-4F6A-9B28-B279B0AF4D31}.Debug|Any CPU.ActiveCfg = Debug|Any CPU
		{754ED940-D7D7-4F6A-9B28-B279B0AF4D31}.Debug|Any CPU.Build.0 = Debug|Any CPU
		{754ED940-D7D7-4F6A-9B28-B279B0AF4D31}.Release|Any CPU.ActiveCfg = Release|Any CPU
		{754ED940-D7D7-4F6A-9B28-B279B0AF4D31}.Release|Any CPU.Build.0 = Release|Any CPU
		{6F0A9800-28D8-41BD-AA19-79D089ECE5D2}.Debug|Any CPU.ActiveCfg = Debug|Any CPU
		{6F0A9800-28D8-41BD-AA19-79D089ECE5D2}.Debug|Any CPU.Build.0 = Debug|Any CPU
		{6F0A9800-28D8-41BD-AA19-79D089ECE5D2}.Release|Any CPU.ActiveCfg = Release|Any CPU
		{6F0A9800-28D8-41BD-AA19-79D089ECE5D2}.Release|Any CPU.Build.0 = Release|Any CPU
	EndGlobalSection
	GlobalSection(SolutionProperties) = preSolution
		HideSolutionNode = FALSE
	EndGlobalSection
	GlobalSection(NestedProjects) = preSolution
		{DF56F52D-039B-4D8D-BD64-B4EE9E488701} = {354D4DD9-B151-4133-9499-748602184847}
		{E38B5CDB-A811-4A9F-8646-79CE1375A95B} = {F8C0735A-ECCE-4290-97F4-2800E8FB0DF6}
		{754ED940-D7D7-4F6A-9B28-B279B0AF4D31} = {354D4DD9-B151-4133-9499-748602184847}
		{6F0A9800-28D8-41BD-AA19-79D089ECE5D2} = {354D4DD9-B151-4133-9499-748602184847}
	EndGlobalSection
	GlobalSection(ExtensibilityGlobals) = postSolution
		SolutionGuid = {F00B0975-F3D9-4A49-AE50-188FA55F710A}
	EndGlobalSection
EndGlobal
